# THIS IS AN AUTOGENERATED FILE. DO NOT EDIT THIS FILE DIRECTLY.
# yarn lockfile v1


assemblyscript@0.27.23:
  version "0.27.23"
  resolved "https://registry.yarnpkg.com/assemblyscript/-/assemblyscript-0.27.23.tgz#61c3d795f4d47cc3189235f784d434ae43fc4da8"
  integrity sha512-+oLTB2IapORXof+bel+HliNUuEScUW4jpBIwV3Y4fDGiT0cu1qI+AJ1SG2RbJqvMo7fbUBGXv2ESq3iE9hK2rQ==
  dependencies:
    binaryen "116.0.0-nightly.20240114"
    long "^5.2.1"

binaryen@116.0.0-nightly.20240114:
  version "116.0.0-nightly.20240114"
  resolved "https://registry.yarnpkg.com/binaryen/-/binaryen-116.0.0-nightly.20240114.tgz#ad8bfbde77d4cb4715b93997114eefc30f45155b"
  integrity sha512-0GZrojJnuhoe+hiwji7QFaL3tBlJoA+KFUN7ouYSDGZLSo9CKM8swQX8n/UcbR0d1VuZKU+nhogNzv423JEu5A==

long@^5.2.1:
  version "5.2.1"
  resolved "https://registry.yarnpkg.com/long/-/long-5.2.1.tgz#e27595d0083d103d2fa2c20c7699f8e0c92b897f"
  integrity sha512-GKSNGeNAtw8IryjjkhZxuKB3JzlcLTwjtiQCHKvqQet81I93kXslhDQruGI/QsddO83mcDToBVy7GqGS/zYf/A==

typescript@5.3.3:
  version "5.3.3"
  resolved "https://registry.yarnpkg.com/typescript/-/typescript-5.3.3.tgz#b3ce6ba258e72e6305ba66f5c9b452aaee3ffe37"
  integrity sha512-pXWcraxM0uxAS+tN0AG/BF2TyqmHO014Z070UsJ+pFvYuRSq8KH8DmWpnbXe0pEPDHXZV3FcAbJkijJ5oNEnWw==
