# THIS IS AN AUTOGENERATED FILE. DO NOT EDIT THIS FILE DIRECTLY.
# yarn lockfile v1


assemblyscript@0.19.18:
  version "0.19.18"
  resolved "https://registry.yarnpkg.com/assemblyscript/-/assemblyscript-0.19.18.tgz#ecaf05791978428c87e16854b35382e7c08cec66"
  integrity sha512-y/7IufNwjmIorfLPS2+hIG89cFpZMYCakO/dX2EG8qI2ucEA2VIfh786s5j15w7nJU+VwKgr6K80xjUZO3rvFA==
  dependencies:
    binaryen "101.0.0-nightly.20210904"
    long "^4.0.0"

binaryen@101.0.0-nightly.20210904:
  version "101.0.0-nightly.20210904"
  resolved "https://registry.yarnpkg.com/binaryen/-/binaryen-101.0.0-nightly.20210904.tgz#58a7990d6d64b16567f376a1fe47d8aea6698b14"
  integrity sha512-2AvJhErttuoMvgNcYPPpPy7C12PSvDdtZWtEeX/Otm/Vtf4ePvBpT3UIA00hGAh8HNaGr+dzFNstxTUvjNwZTg==

long@^4.0.0:
  version "4.0.0"
  resolved "https://registry.yarnpkg.com/long/-/long-4.0.0.tgz#9a7b71cfb7d361a194ea555241c92f7468d5bf28"
  integrity sha512-XsP+KhQif4bjX1kbuSiySJFNAehNxgLb6hPRGJ9QsUr8ajHkuXGdrHmFUTUUXhDwVX2R5bY4JNZEwbUiMhV+MA==

typescript@4.4.4:
  version "4.4.4"
  resolved "https://registry.yarnpkg.com/typescript/-/typescript-4.4.4.tgz#2cd01a1a1f160704d3101fd5a58ff0f9fcb8030c"
  integrity sha512-DqGhF5IKoBl8WNf8C1gu8q0xZSInh9j1kJJMqT3a94w1JzVaBU4EXOSMrz9yDqMT0xt3selp83fuFMQ0uzv6qA==
